# This file is automatically @generated by Cargo.
# It is not intended for manual editing.
version = 4

[[package]]
name = "mprd-adapters"
version = "0.1.0"
dependencies = [
 "mprd-core",
]

[[package]]
name = "mprd-core"
version = "0.1.0"

[[package]]
name = "mprd-zk"
version = "0.1.0"
dependencies = [
 "mprd-core",
]
